// !$*UTF8*$!
{
	archiveVersion = 1;
	classes = {
	};
	objectVersion = 55;
	objects = {

/* Begin PBXBuildFile section */
		3A0BDA2F291D961100C38CAC /* NewsRealmModel.swift in Sources */ = {isa = PBXBuildFile; fileRef = 3A0BDA2E291D961100C38CAC /* NewsRealmModel.swift */; };
		3A45BEE6291BB598009F32CA /* RealmManager.swift in Sources */ = {isa = PBXBuildFile; fileRef = 3A45BEE5291BB598009F32CA /* RealmManager.swift */; };
		3A58B72B2911BF0500EF63CD /* Realm in Frameworks */ = {isa = PBXBuildFile; productRef = 3A58B72A2911BF0500EF63CD /* Realm */; };
		3A58B72D2911BF0500EF63CD /* RealmSwift in Frameworks */ = {isa = PBXBuildFile; productRef = 3A58B72C2911BF0500EF63CD /* RealmSwift */; };
		3A84FC0228776704004A764C /* APICall.swift in Sources */ = {isa = PBXBuildFile; fileRef = 3A84FC0128776704004A764C /* APICall.swift */; };
		3A84FC04287768BB004A764C /* APIManager.swift in Sources */ = {isa = PBXBuildFile; fileRef = 3A84FC03287768BB004A764C /* APIManager.swift */; };
		3A84FC06287769E2004A764C /* NetworkLogger.swift in Sources */ = {isa = PBXBuildFile; fileRef = 3A84FC05287769E2004A764C /* NetworkLogger.swift */; };
		3A84FC0828776A50004A764C /* ErrorHandler.swift in Sources */ = {isa = PBXBuildFile; fileRef = 3A84FC0728776A50004A764C /* ErrorHandler.swift */; };
		3A84FC0E2877FC48004A764C /* NewsCell.swift in Sources */ = {isa = PBXBuildFile; fileRef = 3A84FC0D2877FC48004A764C /* NewsCell.swift */; };
		3A84FC112877FF2F004A764C /* Enums.swift in Sources */ = {isa = PBXBuildFile; fileRef = 3A84FC102877FF2F004A764C /* Enums.swift */; };
		3A84FC132878002D004A764C /* BasePresenter.swift in Sources */ = {isa = PBXBuildFile; fileRef = 3A84FC122878002D004A764C /* BasePresenter.swift */; };
		3A84FC1528780DDC004A764C /* CustomProgressView.swift in Sources */ = {isa = PBXBuildFile; fileRef = 3A84FC1428780DDC004A764C /* CustomProgressView.swift */; };
		3A84FC1728781911004A764C /* DetailNewsScreen.swift in Sources */ = {isa = PBXBuildFile; fileRef = 3A84FC1628781911004A764C /* DetailNewsScreen.swift */; };
		3A84FC1A28781A5B004A764C /* SDWebImageSwiftUI in Frameworks */ = {isa = PBXBuildFile; productRef = 3A84FC1928781A5B004A764C /* SDWebImageSwiftUI */; };
		3A84FC1C28782301004A764C /* CustomButton.swift in Sources */ = {isa = PBXBuildFile; fileRef = 3A84FC1B28782301004A764C /* CustomButton.swift */; };
		3A84FC1E28783607004A764C /* Array + Ext.swift in Sources */ = {isa = PBXBuildFile; fileRef = 3A84FC1D28783607004A764C /* Array + Ext.swift */; };
		3A84FC2028783B3D004A764C /* PickerCell.swift in Sources */ = {isa = PBXBuildFile; fileRef = 3A84FC1F28783B3D004A764C /* PickerCell.swift */; };
		3AAB01802874C3F400D7769E /* SecondHomeworkAppApp.swift in Sources */ = {isa = PBXBuildFile; fileRef = 3AAB017F2874C3F400D7769E /* SecondHomeworkAppApp.swift */; };
		3AAB01822874C3F400D7769E /* ContentView.swift in Sources */ = {isa = PBXBuildFile; fileRef = 3AAB01812874C3F400D7769E /* ContentView.swift */; };
		3AAB01842874C3F600D7769E /* Assets.xcassets in Resources */ = {isa = PBXBuildFile; fileRef = 3AAB01832874C3F600D7769E /* Assets.xcassets */; };
		3AAB01872874C3F600D7769E /* Preview Assets.xcassets in Resources */ = {isa = PBXBuildFile; fileRef = 3AAB01862874C3F600D7769E /* Preview Assets.xcassets */; };
		3AAB01932874C6D500D7769E /* Constants.swift in Sources */ = {isa = PBXBuildFile; fileRef = 3AAB01922874C6D500D7769E /* Constants.swift */; };
		3AAB01952874C78300D7769E /* ContentList.swift in Sources */ = {isa = PBXBuildFile; fileRef = 3AAB01942874C78300D7769E /* ContentList.swift */; };
		3AAB01972874CA8900D7769E /* ViewModel.swift in Sources */ = {isa = PBXBuildFile; fileRef = 3AAB01962874CA8900D7769E /* ViewModel.swift */; };
		3AAB01992874CAFE00D7769E /* NewsModel.swift in Sources */ = {isa = PBXBuildFile; fileRef = 3AAB01982874CAFE00D7769E /* NewsModel.swift */; };
/* End PBXBuildFile section */

/* Begin PBXFileReference section */
		3A0BDA2E291D961100C38CAC /* NewsRealmModel.swift */ = {isa = PBXFileReference; lastKnownFileType = sourcecode.swift; path = NewsRealmModel.swift; sourceTree = "<group>"; };
		3A45BEE5291BB598009F32CA /* RealmManager.swift */ = {isa = PBXFileReference; lastKnownFileType = sourcecode.swift; path = RealmManager.swift; sourceTree = "<group>"; };
		3A84FC0128776704004A764C /* APICall.swift */ = {isa = PBXFileReference; lastKnownFileType = sourcecode.swift; path = APICall.swift; sourceTree = "<group>"; };
		3A84FC03287768BB004A764C /* APIManager.swift */ = {isa = PBXFileReference; lastKnownFileType = sourcecode.swift; path = APIManager.swift; sourceTree = "<group>"; };
		3A84FC05287769E2004A764C /* NetworkLogger.swift */ = {isa = PBXFileReference; lastKnownFileType = sourcecode.swift; path = NetworkLogger.swift; sourceTree = "<group>"; };
		3A84FC0728776A50004A764C /* ErrorHandler.swift */ = {isa = PBXFileReference; lastKnownFileType = sourcecode.swift; path = ErrorHandler.swift; sourceTree = "<group>"; };
		3A84FC0D2877FC48004A764C /* NewsCell.swift */ = {isa = PBXFileReference; lastKnownFileType = sourcecode.swift; path = NewsCell.swift; sourceTree = "<group>"; };
		3A84FC102877FF2F004A764C /* Enums.swift */ = {isa = PBXFileReference; lastKnownFileType = sourcecode.swift; path = Enums.swift; sourceTree = "<group>"; };
		3A84FC122878002D004A764C /* BasePresenter.swift */ = {isa = PBXFileReference; lastKnownFileType = sourcecode.swift; path = BasePresenter.swift; sourceTree = "<group>"; };
		3A84FC1428780DDC004A764C /* CustomProgressView.swift */ = {isa = PBXFileReference; lastKnownFileType = sourcecode.swift; path = CustomProgressView.swift; sourceTree = "<group>"; };
		3A84FC1628781911004A764C /* DetailNewsScreen.swift */ = {isa = PBXFileReference; lastKnownFileType = sourcecode.swift; path = DetailNewsScreen.swift; sourceTree = "<group>"; };
		3A84FC1B28782301004A764C /* CustomButton.swift */ = {isa = PBXFileReference; lastKnownFileType = sourcecode.swift; path = CustomButton.swift; sourceTree = "<group>"; };
		3A84FC1D28783607004A764C /* Array + Ext.swift */ = {isa = PBXFileReference; lastKnownFileType = sourcecode.swift; path = "Array + Ext.swift"; sourceTree = "<group>"; };
		3A84FC1F28783B3D004A764C /* PickerCell.swift */ = {isa = PBXFileReference; lastKnownFileType = sourcecode.swift; path = PickerCell.swift; sourceTree = "<group>"; };
		3AAB017C2874C3F400D7769E /* SecondHomeworkApp.app */ = {isa = PBXFileReference; explicitFileType = wrapper.application; includeInIndex = 0; path = SecondHomeworkApp.app; sourceTree = BUILT_PRODUCTS_DIR; };
		3AAB017F2874C3F400D7769E /* SecondHomeworkAppApp.swift */ = {isa = PBXFileReference; lastKnownFileType = sourcecode.swift; path = SecondHomeworkAppApp.swift; sourceTree = "<group>"; };
		3AAB01812874C3F400D7769E /* ContentView.swift */ = {isa = PBXFileReference; lastKnownFileType = sourcecode.swift; path = ContentView.swift; sourceTree = "<group>"; };
		3AAB01832874C3F600D7769E /* Assets.xcassets */ = {isa = PBXFileReference; lastKnownFileType = folder.assetcatalog; path = Assets.xcassets; sourceTree = "<group>"; };
		3AAB01862874C3F600D7769E /* Preview Assets.xcassets */ = {isa = PBXFileReference; lastKnownFileType = folder.assetcatalog; path = "Preview Assets.xcassets"; sourceTree = "<group>"; };
		3AAB01922874C6D500D7769E /* Constants.swift */ = {isa = PBXFileReference; lastKnownFileType = sourcecode.swift; path = Constants.swift; sourceTree = "<group>"; };
		3AAB01942874C78300D7769E /* ContentList.swift */ = {isa = PBXFileReference; lastKnownFileType = sourcecode.swift; path = ContentList.swift; sourceTree = "<group>"; };
		3AAB01962874CA8900D7769E /* ViewModel.swift */ = {isa = PBXFileReference; lastKnownFileType = sourcecode.swift; path = ViewModel.swift; sourceTree = "<group>"; };
		3AAB01982874CAFE00D7769E /* NewsModel.swift */ = {isa = PBXFileReference; lastKnownFileType = sourcecode.swift; path = NewsModel.swift; sourceTree = "<group>"; };
/* End PBXFileReference section */

/* Begin PBXFrameworksBuildPhase section */
		3AAB01792874C3F400D7769E /* Frameworks */ = {
			isa = PBXFrameworksBuildPhase;
			buildActionMask = 2147483647;
			files = (
				3A58B72D2911BF0500EF63CD /* RealmSwift in Frameworks */,
				3A58B72B2911BF0500EF63CD /* Realm in Frameworks */,
				3A84FC1A28781A5B004A764C /* SDWebImageSwiftUI in Frameworks */,
			);
			runOnlyForDeploymentPostprocessing = 0;
		};
/* End PBXFrameworksBuildPhase section */

/* Begin PBXGroup section */
		3A45BEE4291BB583009F32CA /* Storage */ = {
			isa = PBXGroup;
			children = (
				3A45BEE5291BB598009F32CA /* RealmManager.swift */,
			);
			path = Storage;
			sourceTree = "<group>";
		};
		3A84FC092877FBD3004A764C /* Components */ = {
			isa = PBXGroup;
			children = (
				3AAB01942874C78300D7769E /* ContentList.swift */,
				3A84FC0D2877FC48004A764C /* NewsCell.swift */,
				3A84FC1428780DDC004A764C /* CustomProgressView.swift */,
				3A84FC1B28782301004A764C /* CustomButton.swift */,
				3A84FC1F28783B3D004A764C /* PickerCell.swift */,
			);
			path = Components;
			sourceTree = "<group>";
		};
		3A84FC0A2877FBE3004A764C /* Screens */ = {
			isa = PBXGroup;
			children = (
				3AAB01812874C3F400D7769E /* ContentView.swift */,
				3A84FC1628781911004A764C /* DetailNewsScreen.swift */,
			);
			path = Screens;
			sourceTree = "<group>";
		};
		3A84FC0B2877FBEF004A764C /* UI */ = {
			isa = PBXGroup;
			children = (
				3A84FC092877FBD3004A764C /* Components */,
				3A84FC0A2877FBE3004A764C /* Screens */,
			);
			path = UI;
			sourceTree = "<group>";
		};
		3A84FC0C2877FC13004A764C /* Main */ = {
			isa = PBXGroup;
			children = (
				3AAB017F2874C3F400D7769E /* SecondHomeworkAppApp.swift */,
			);
			path = Main;
			sourceTree = "<group>";
		};
		3AAB01732874C3F400D7769E = {
			isa = PBXGroup;
			children = (
				3AAB017E2874C3F400D7769E /* SecondHomeworkApp */,
				3AAB017D2874C3F400D7769E /* Products */,
			);
			sourceTree = "<group>";
		};
		3AAB017D2874C3F400D7769E /* Products */ = {
			isa = PBXGroup;
			children = (
				3AAB017C2874C3F400D7769E /* SecondHomeworkApp.app */,
			);
			name = Products;
			sourceTree = "<group>";
		};
		3AAB017E2874C3F400D7769E /* SecondHomeworkApp */ = {
			isa = PBXGroup;
			children = (
				3A45BEE4291BB583009F32CA /* Storage */,
				3A84FC0C2877FC13004A764C /* Main */,
				3A84FC0B2877FBEF004A764C /* UI */,
				3AAB019A2874CB8F00D7769E /* Networking */,
				3AAB01912874C6AE00D7769E /* Utilities */,
				3AAB01902874C69F00D7769E /* Models */,
				3AAB01832874C3F600D7769E /* Assets.xcassets */,
				3AAB01852874C3F600D7769E /* Preview Content */,
				3AAB01962874CA8900D7769E /* ViewModel.swift */,
			);
			path = SecondHomeworkApp;
			sourceTree = "<group>";
		};
		3AAB01852874C3F600D7769E /* Preview Content */ = {
			isa = PBXGroup;
			children = (
				3AAB01862874C3F600D7769E /* Preview Assets.xcassets */,
			);
			path = "Preview Content";
			sourceTree = "<group>";
		};
		3AAB01902874C69F00D7769E /* Models */ = {
			isa = PBXGroup;
			children = (
				3AAB01982874CAFE00D7769E /* NewsModel.swift */,
				3A0BDA2E291D961100C38CAC /* NewsRealmModel.swift */,
			);
			path = Models;
			sourceTree = "<group>";
		};
		3AAB01912874C6AE00D7769E /* Utilities */ = {
			isa = PBXGroup;
			children = (
				3AAB01922874C6D500D7769E /* Constants.swift */,
				3A84FC102877FF2F004A764C /* Enums.swift */,
				3A84FC1D28783607004A764C /* Array + Ext.swift */,
			);
			path = Utilities;
			sourceTree = "<group>";
		};
		3AAB019A2874CB8F00D7769E /* Networking */ = {
			isa = PBXGroup;
			children = (
				3A84FC0128776704004A764C /* APICall.swift */,
				3A84FC03287768BB004A764C /* APIManager.swift */,
				3A84FC05287769E2004A764C /* NetworkLogger.swift */,
				3A84FC0728776A50004A764C /* ErrorHandler.swift */,
				3A84FC122878002D004A764C /* BasePresenter.swift */,
			);
			path = Networking;
			sourceTree = "<group>";
		};
/* End PBXGroup section */

/* Begin PBXNativeTarget section */
		3AAB017B2874C3F400D7769E /* SecondHomeworkApp */ = {
			isa = PBXNativeTarget;
			buildConfigurationList = 3AAB018A2874C3F600D7769E /* Build configuration list for PBXNativeTarget "SecondHomeworkApp" */;
			buildPhases = (
				3AAB01782874C3F400D7769E /* Sources */,
				3AAB01792874C3F400D7769E /* Frameworks */,
				3AAB017A2874C3F400D7769E /* Resources */,
			);
			buildRules = (
			);
			dependencies = (
			);
			name = SecondHomeworkApp;
			packageProductDependencies = (
				3A84FC1928781A5B004A764C /* SDWebImageSwiftUI */,
				3A58B72A2911BF0500EF63CD /* Realm */,
				3A58B72C2911BF0500EF63CD /* RealmSwift */,
			);
			productName = SecondHomeworkApp;
			productReference = 3AAB017C2874C3F400D7769E /* SecondHomeworkApp.app */;
			productType = "com.apple.product-type.application";
		};
/* End PBXNativeTarget section */

/* Begin PBXProject section */
		3AAB01742874C3F400D7769E /* Project object */ = {
			isa = PBXProject;
			attributes = {
				BuildIndependentTargetsInParallel = 1;
				LastSwiftUpdateCheck = 1340;
				LastUpgradeCheck = 1340;
				TargetAttributes = {
					3AAB017B2874C3F400D7769E = {
						CreatedOnToolsVersion = 13.4.1;
					};
				};
			};
			buildConfigurationList = 3AAB01772874C3F400D7769E /* Build configuration list for PBXProject "SecondHomeworkApp" */;
			compatibilityVersion = "Xcode 13.0";
			developmentRegion = en;
			hasScannedForEncodings = 0;
			knownRegions = (
				en,
				Base,
			);
			mainGroup = 3AAB01732874C3F400D7769E;
			packageReferences = (
				3AAB018D2874C44F00D7769E /* XCRemoteSwiftPackageReference "swiftuinavigator" */,
				3A84FC1828781A5B004A764C /* XCRemoteSwiftPackageReference "SDWebImageSwiftUI" */,
				3A58B7292911BF0500EF63CD /* XCRemoteSwiftPackageReference "realm-swift" */,
			);
			productRefGroup = 3AAB017D2874C3F400D7769E /* Products */;
			projectDirPath = "";
			projectRoot = "";
			targets = (
				3AAB017B2874C3F400D7769E /* SecondHomeworkApp */,
			);
		};
/* End PBXProject section */

/* Begin PBXResourcesBuildPhase section */
		3AAB017A2874C3F400D7769E /* Resources */ = {
			isa = PBXResourcesBuildPhase;
			buildActionMask = 2147483647;
			files = (
				3AAB01872874C3F600D7769E /* Preview Assets.xcassets in Resources */,
				3AAB01842874C3F600D7769E /* Assets.xcassets in Resources */,
			);
			runOnlyForDeploymentPostprocessing = 0;
		};
/* End PBXResourcesBuildPhase section */

/* Begin PBXSourcesBuildPhase section */
		3AAB01782874C3F400D7769E /* Sources */ = {
			isa = PBXSourcesBuildPhase;
			buildActionMask = 2147483647;
			files = (
				3A84FC04287768BB004A764C /* APIManager.swift in Sources */,
				3AAB01992874CAFE00D7769E /* NewsModel.swift in Sources */,
				3AAB01972874CA8900D7769E /* ViewModel.swift in Sources */,
				3AAB01822874C3F400D7769E /* ContentView.swift in Sources */,
				3A84FC1C28782301004A764C /* CustomButton.swift in Sources */,
				3A84FC2028783B3D004A764C /* PickerCell.swift in Sources */,
				3A0BDA2F291D961100C38CAC /* NewsRealmModel.swift in Sources */,
				3AAB01802874C3F400D7769E /* SecondHomeworkAppApp.swift in Sources */,
				3AAB01932874C6D500D7769E /* Constants.swift in Sources */,
				3A84FC06287769E2004A764C /* NetworkLogger.swift in Sources */,
				3A84FC1728781911004A764C /* DetailNewsScreen.swift in Sources */,
				3A84FC0828776A50004A764C /* ErrorHandler.swift in Sources */,
				3A45BEE6291BB598009F32CA /* RealmManager.swift in Sources */,
				3A84FC132878002D004A764C /* BasePresenter.swift in Sources */,
				3A84FC0228776704004A764C /* APICall.swift in Sources */,
				3AAB01952874C78300D7769E /* ContentList.swift in Sources */,
				3A84FC112877FF2F004A764C /* Enums.swift in Sources */,
				3A84FC1E28783607004A764C /* Array + Ext.swift in Sources */,
				3A84FC1528780DDC004A764C /* CustomProgressView.swift in Sources */,
				3A84FC0E2877FC48004A764C /* NewsCell.swift in Sources */,
			);
			runOnlyForDeploymentPostprocessing = 0;
		};
/* End PBXSourcesBuildPhase section */

/* Begin XCBuildConfiguration section */
		3AAB01882874C3F600D7769E /* Debug */ = {
			isa = XCBuildConfiguration;
			buildSettings = {
				ALWAYS_SEARCH_USER_PATHS = NO;
				CLANG_ANALYZER_NONNULL = YES;
				CLANG_ANALYZER_NUMBER_OBJECT_CONVERSION = YES_AGGRESSIVE;
				CLANG_CXX_LANGUAGE_STANDARD = "gnu++17";
				CLANG_ENABLE_MODULES = YES;
				CLANG_ENABLE_OBJC_ARC = YES;
				CLANG_ENABLE_OBJC_WEAK = YES;
				CLANG_WARN_BLOCK_CAPTURE_AUTORELEASING = YES;
				CLANG_WARN_BOOL_CONVERSION = YES;
				CLANG_WARN_COMMA = YES;
				CLANG_WARN_CONSTANT_CONVERSION = YES;
				CLANG_WARN_DEPRECATED_OBJC_IMPLEMENTATIONS = YES;
				CLANG_WARN_DIRECT_OBJC_ISA_USAGE = YES_ERROR;
				CLANG_WARN_DOCUMENTATION_COMMENTS = YES;
				CLANG_WARN_EMPTY_BODY = YES;
				CLANG_WARN_ENUM_CONVERSION = YES;
				CLANG_WARN_INFINITE_RECURSION = YES;
				CLANG_WARN_INT_CONVERSION = YES;
				CLANG_WARN_NON_LITERAL_NULL_CONVERSION = YES;
				CLANG_WARN_OBJC_IMPLICIT_RETAIN_SELF = YES;
				CLANG_WARN_OBJC_LITERAL_CONVERSION = YES;
				CLANG_WARN_OBJC_ROOT_CLASS = YES_ERROR;
				CLANG_WARN_QUOTED_INCLUDE_IN_FRAMEWORK_HEADER = YES;
				CLANG_WARN_RANGE_LOOP_ANALYSIS = YES;
				CLANG_WARN_STRICT_PROTOTYPES = YES;
				CLANG_WARN_SUSPICIOUS_MOVE = YES;
				CLANG_WARN_UNGUARDED_AVAILABILITY = YES_AGGRESSIVE;
				CLANG_WARN_UNREACHABLE_CODE = YES;
				CLANG_WARN__DUPLICATE_METHOD_MATCH = YES;
				COPY_PHASE_STRIP = NO;
				DEBUG_INFORMATION_FORMAT = dwarf;
				ENABLE_STRICT_OBJC_MSGSEND = YES;
				ENABLE_TESTABILITY = YES;
				GCC_C_LANGUAGE_STANDARD = gnu11;
				GCC_DYNAMIC_NO_PIC = NO;
				GCC_NO_COMMON_BLOCKS = YES;
				GCC_OPTIMIZATION_LEVEL = 0;
				GCC_PREPROCESSOR_DEFINITIONS = (
					"DEBUG=1",
					"$(inherited)",
				);
				GCC_WARN_64_TO_32_BIT_CONVERSION = YES;
				GCC_WARN_ABOUT_RETURN_TYPE = YES_ERROR;
				GCC_WARN_UNDECLARED_SELECTOR = YES;
				GCC_WARN_UNINITIALIZED_AUTOS = YES_AGGRESSIVE;
				GCC_WARN_UNUSED_FUNCTION = YES;
				GCC_WARN_UNUSED_VARIABLE = YES;
				IPHONEOS_DEPLOYMENT_TARGET = 15.5;
				MTL_ENABLE_DEBUG_INFO = INCLUDE_SOURCE;
				MTL_FAST_MATH = YES;
				ONLY_ACTIVE_ARCH = YES;
				SDKROOT = iphoneos;
				SWIFT_ACTIVE_COMPILATION_CONDITIONS = DEBUG;
				SWIFT_OPTIMIZATION_LEVEL = "-Onone";
			};
			name = Debug;
		};
		3AAB01892874C3F600D7769E /* Release */ = {
			isa = XCBuildConfiguration;
			buildSettings = {
				ALWAYS_SEARCH_USER_PATHS = NO;
				CLANG_ANALYZER_NONNULL = YES;
				CLANG_ANALYZER_NUMBER_OBJECT_CONVERSION = YES_AGGRESSIVE;
				CLANG_CXX_LANGUAGE_STANDARD = "gnu++17";
				CLANG_ENABLE_MODULES = YES;
				CLANG_ENABLE_OBJC_ARC = YES;
				CLANG_ENABLE_OBJC_WEAK = YES;
				CLANG_WARN_BLOCK_CAPTURE_AUTORELEASING = YES;
				CLANG_WARN_BOOL_CONVERSION = YES;
				CLANG_WARN_COMMA = YES;
				CLANG_WARN_CONSTANT_CONVERSION = YES;
				CLANG_WARN_DEPRECATED_OBJC_IMPLEMENTATIONS = YES;
				CLANG_WARN_DIRECT_OBJC_ISA_USAGE = YES_ERROR;
				CLANG_WARN_DOCUMENTATION_COMMENTS = YES;
				CLANG_WARN_EMPTY_BODY = YES;
				CLANG_WARN_ENUM_CONVERSION = YES;
				CLANG_WARN_INFINITE_RECURSION = YES;
				CLANG_WARN_INT_CONVERSION = YES;
				CLANG_WARN_NON_LITERAL_NULL_CONVERSION = YES;
				CLANG_WARN_OBJC_IMPLICIT_RETAIN_SELF = YES;
				CLANG_WARN_OBJC_LITERAL_CONVERSION = YES;
				CLANG_WARN_OBJC_ROOT_CLASS = YES_ERROR;
				CLANG_WARN_QUOTED_INCLUDE_IN_FRAMEWORK_HEADER = YES;
				CLANG_WARN_RANGE_LOOP_ANALYSIS = YES;
				CLANG_WARN_STRICT_PROTOTYPES = YES;
				CLANG_WARN_SUSPICIOUS_MOVE = YES;
				CLANG_WARN_UNGUARDED_AVAILABILITY = YES_AGGRESSIVE;
				CLANG_WARN_UNREACHABLE_CODE = YES;
				CLANG_WARN__DUPLICATE_METHOD_MATCH = YES;
				COPY_PHASE_STRIP = NO;
				DEBUG_INFORMATION_FORMAT = "dwarf-with-dsym";
				ENABLE_NS_ASSERTIONS = NO;
				ENABLE_STRICT_OBJC_MSGSEND = YES;
				GCC_C_LANGUAGE_STANDARD = gnu11;
				GCC_NO_COMMON_BLOCKS = YES;
				GCC_WARN_64_TO_32_BIT_CONVERSION = YES;
				GCC_WARN_ABOUT_RETURN_TYPE = YES_ERROR;
				GCC_WARN_UNDECLARED_SELECTOR = YES;
				GCC_WARN_UNINITIALIZED_AUTOS = YES_AGGRESSIVE;
				GCC_WARN_UNUSED_FUNCTION = YES;
				GCC_WARN_UNUSED_VARIABLE = YES;
				IPHONEOS_DEPLOYMENT_TARGET = 15.5;
				MTL_ENABLE_DEBUG_INFO = NO;
				MTL_FAST_MATH = YES;
				SDKROOT = iphoneos;
				SWIFT_COMPILATION_MODE = wholemodule;
				SWIFT_OPTIMIZATION_LEVEL = "-O";
				VALIDATE_PRODUCT = YES;
			};
			name = Release;
		};
		3AAB018B2874C3F600D7769E /* Debug */ = {
			isa = XCBuildConfiguration;
			buildSettings = {
				ASSETCATALOG_COMPILER_APPICON_NAME = AppIcon;
				ASSETCATALOG_COMPILER_GLOBAL_ACCENT_COLOR_NAME = AccentColor;
				CODE_SIGN_STYLE = Automatic;
				CURRENT_PROJECT_VERSION = 1;
				DEVELOPMENT_ASSET_PATHS = "\"SecondHomeworkApp/Preview Content\"";
				DEVELOPMENT_TEAM = 836DR8655U;
				ENABLE_PREVIEWS = YES;
				GENERATE_INFOPLIST_FILE = YES;
				INFOPLIST_KEY_UIApplicationSceneManifest_Generation = YES;
				INFOPLIST_KEY_UIApplicationSupportsIndirectInputEvents = YES;
				INFOPLIST_KEY_UILaunchScreen_Generation = YES;
				INFOPLIST_KEY_UISupportedInterfaceOrientations_iPad = "UIInterfaceOrientationPortrait UIInterfaceOrientationPortraitUpsideDown UIInterfaceOrientationLandscapeLeft UIInterfaceOrientationLandscapeRight";
				INFOPLIST_KEY_UISupportedInterfaceOrientations_iPhone = "UIInterfaceOrientationPortrait UIInterfaceOrientationLandscapeLeft UIInterfaceOrientationLandscapeRight";
				LD_RUNPATH_SEARCH_PATHS = (
					"$(inherited)",
					"@executable_path/Frameworks",
				);
				MARKETING_VERSION = 1.0;
				PRODUCT_BUNDLE_IDENTIFIER = home.SecondHomeworkApp;
				PRODUCT_NAME = "$(TARGET_NAME)";
				SWIFT_EMIT_LOC_STRINGS = YES;
				SWIFT_VERSION = 5.0;
				TARGETED_DEVICE_FAMILY = "1,2";
			};
			name = Debug;
		};
		3AAB018C2874C3F600D7769E /* Release */ = {
			isa = XCBuildConfiguration;
			buildSettings = {
				ASSETCATALOG_COMPILER_APPICON_NAME = AppIcon;
				ASSETCATALOG_COMPILER_GLOBAL_ACCENT_COLOR_NAME = AccentColor;
				CODE_SIGN_STYLE = Automatic;
				CURRENT_PROJECT_VERSION = 1;
				DEVELOPMENT_ASSET_PATHS = "\"SecondHomeworkApp/Preview Content\"";
				DEVELOPMENT_TEAM = 836DR8655U;
				ENABLE_PREVIEWS = YES;
				GENERATE_INFOPLIST_FILE = YES;
				INFOPLIST_KEY_UIApplicationSceneManifest_Generation = YES;
				INFOPLIST_KEY_UIApplicationSupportsIndirectInputEvents = YES;
				INFOPLIST_KEY_UILaunchScreen_Generation = YES;
				INFOPLIST_KEY_UISupportedInterfaceOrientations_iPad = "UIInterfaceOrientationPortrait UIInterfaceOrientationPortraitUpsideDown UIInterfaceOrientationLandscapeLeft UIInterfaceOrientationLandscapeRight";
				INFOPLIST_KEY_UISupportedInterfaceOrientations_iPhone = "UIInterfaceOrientationPortrait UIInterfaceOrientationLandscapeLeft UIInterfaceOrientationLandscapeRight";
				LD_RUNPATH_SEARCH_PATHS = (
					"$(inherited)",
					"@executable_path/Frameworks",
				);
				MARKETING_VERSION = 1.0;
				PRODUCT_BUNDLE_IDENTIFIER = home.SecondHomeworkApp;
				PRODUCT_NAME = "$(TARGET_NAME)";
				SWIFT_EMIT_LOC_STRINGS = YES;
				SWIFT_VERSION = 5.0;
				TARGETED_DEVICE_FAMILY = "1,2";
			};
			name = Release;
		};
/* End XCBuildConfiguration section */

/* Begin XCConfigurationList section */
		3AAB01772874C3F400D7769E /* Build configuration list for PBXProject "SecondHomeworkApp" */ = {
			isa = XCConfigurationList;
			buildConfigurations = (
				3AAB01882874C3F600D7769E /* Debug */,
				3AAB01892874C3F600D7769E /* Release */,
			);
			defaultConfigurationIsVisible = 0;
			defaultConfigurationName = Release;
		};
		3AAB018A2874C3F600D7769E /* Build configuration list for PBXNativeTarget "SecondHomeworkApp" */ = {
			isa = XCConfigurationList;
			buildConfigurations = (
				3AAB018B2874C3F600D7769E /* Debug */,
				3AAB018C2874C3F600D7769E /* Release */,
			);
			defaultConfigurationIsVisible = 0;
			defaultConfigurationName = Release;
		};
/* End XCConfigurationList section */

/* Begin XCRemoteSwiftPackageReference section */
		3A58B7292911BF0500EF63CD /* XCRemoteSwiftPackageReference "realm-swift" */ = {
			isa = XCRemoteSwiftPackageReference;
			repositoryURL = "https://github.com/realm/realm-swift";
			requirement = {
				kind = upToNextMajorVersion;
				minimumVersion = 10.25.0;
			};
		};
		3A84FC1828781A5B004A764C /* XCRemoteSwiftPackageReference "SDWebImageSwiftUI" */ = {
			isa = XCRemoteSwiftPackageReference;
			repositoryURL = "https://github.com/SDWebImage/SDWebImageSwiftUI";
			requirement = {
				kind = upToNextMajorVersion;
				minimumVersion = 2.0.0;
			};
		};
		3AAB018D2874C44F00D7769E /* XCRemoteSwiftPackageReference "swiftuinavigator" */ = {
			isa = XCRemoteSwiftPackageReference;
			repositoryURL = "https://github.com/anioutkazharkova/swiftuinavigator";
			requirement = {
				kind = upToNextMajorVersion;
				minimumVersion = 1.0.0;
			};
		};
/* End XCRemoteSwiftPackageReference section */

/* Begin XCSwiftPackageProductDependency section */
		3A58B72A2911BF0500EF63CD /* Realm */ = {
			isa = XCSwiftPackageProductDependency;
			package = 3A58B7292911BF0500EF63CD /* XCRemoteSwiftPackageReference "realm-swift" */;
			productName = Realm;
		};
		3A58B72C2911BF0500EF63CD /* RealmSwift */ = {
			isa = XCSwiftPackageProductDependency;
			package = 3A58B7292911BF0500EF63CD /* XCRemoteSwiftPackageReference "realm-swift" */;
			productName = RealmSwift;
		};
		3A84FC1928781A5B004A764C /* SDWebImageSwiftUI */ = {
			isa = XCSwiftPackageProductDependency;
			package = 3A84FC1828781A5B004A764C /* XCRemoteSwiftPackageReference "SDWebImageSwiftUI" */;
			productName = SDWebImageSwiftUI;
		};
/* End XCSwiftPackageProductDependency section */
	};
	rootObject = 3AAB01742874C3F400D7769E /* Project object */;
}
