// !$*UTF8*$!
{
	archiveVersion = 1;
	classes = {
	};
	objectVersion = 55;
	objects = {

/* Begin PBXBuildFile section */
		3A84FBF92876FFC4004A764C /* JSONParameterEncoder.swift in Sources */ = {isa = PBXBuildFile; fileRef = 3A84FBF82876FFC4004A764C /* JSONParameterEncoder.swift */; };
		3A84FBFB28770120004A764C /* NetworkRouterProtocol.swift in Sources */ = {isa = PBXBuildFile; fileRef = 3A84FBFA28770120004A764C /* NetworkRouterProtocol.swift */; };
		3A84FBFD28770214004A764C /* NetworkRouter.swift in Sources */ = {isa = PBXBuildFile; fileRef = 3A84FBFC28770214004A764C /* NetworkRouter.swift */; };
		3A84FC00287711F9004A764C /* NetworkManager.swift in Sources */ = {isa = PBXBuildFile; fileRef = 3A84FBFF287711F9004A764C /* NetworkManager.swift */; };
		3AAB01802874C3F400D7769E /* SecondHomeworkAppApp.swift in Sources */ = {isa = PBXBuildFile; fileRef = 3AAB017F2874C3F400D7769E /* SecondHomeworkAppApp.swift */; };
		3AAB01822874C3F400D7769E /* ContentView.swift in Sources */ = {isa = PBXBuildFile; fileRef = 3AAB01812874C3F400D7769E /* ContentView.swift */; };
		3AAB01842874C3F600D7769E /* Assets.xcassets in Resources */ = {isa = PBXBuildFile; fileRef = 3AAB01832874C3F600D7769E /* Assets.xcassets */; };
		3AAB01872874C3F600D7769E /* Preview Assets.xcassets in Resources */ = {isa = PBXBuildFile; fileRef = 3AAB01862874C3F600D7769E /* Preview Assets.xcassets */; };
		3AAB018F2874C44F00D7769E /* SwiftUINavigator in Frameworks */ = {isa = PBXBuildFile; productRef = 3AAB018E2874C44F00D7769E /* SwiftUINavigator */; };
		3AAB01932874C6D500D7769E /* Constants.swift in Sources */ = {isa = PBXBuildFile; fileRef = 3AAB01922874C6D500D7769E /* Constants.swift */; };
		3AAB01952874C78300D7769E /* ContentList.swift in Sources */ = {isa = PBXBuildFile; fileRef = 3AAB01942874C78300D7769E /* ContentList.swift */; };
		3AAB01972874CA8900D7769E /* ViewModel.swift in Sources */ = {isa = PBXBuildFile; fileRef = 3AAB01962874CA8900D7769E /* ViewModel.swift */; };
		3AAB01992874CAFE00D7769E /* NewsModel.swift in Sources */ = {isa = PBXBuildFile; fileRef = 3AAB01982874CAFE00D7769E /* NewsModel.swift */; };
		3AAB019C2874CD1100D7769E /* NewsAPI.swift in Sources */ = {isa = PBXBuildFile; fileRef = 3AAB019B2874CD1100D7769E /* NewsAPI.swift */; };
		3AAB01A02874D02C00D7769E /* HTTPMethod.swift in Sources */ = {isa = PBXBuildFile; fileRef = 3AAB019F2874D02C00D7769E /* HTTPMethod.swift */; };
		3AAB01A22874D05D00D7769E /* HTTPTask.swift in Sources */ = {isa = PBXBuildFile; fileRef = 3AAB01A12874D05D00D7769E /* HTTPTask.swift */; };
		3AAB01A52874D12900D7769E /* ParameterEncoding.swift in Sources */ = {isa = PBXBuildFile; fileRef = 3AAB01A42874D12900D7769E /* ParameterEncoding.swift */; };
		3AAB01A72874D25900D7769E /* URLParameterEncoder.swift in Sources */ = {isa = PBXBuildFile; fileRef = 3AAB01A62874D25900D7769E /* URLParameterEncoder.swift */; };
/* End PBXBuildFile section */

/* Begin PBXFileReference section */
		3A84FBF82876FFC4004A764C /* JSONParameterEncoder.swift */ = {isa = PBXFileReference; lastKnownFileType = sourcecode.swift; path = JSONParameterEncoder.swift; sourceTree = "<group>"; };
		3A84FBFA28770120004A764C /* NetworkRouterProtocol.swift */ = {isa = PBXFileReference; lastKnownFileType = sourcecode.swift; path = NetworkRouterProtocol.swift; sourceTree = "<group>"; };
		3A84FBFC28770214004A764C /* NetworkRouter.swift */ = {isa = PBXFileReference; lastKnownFileType = sourcecode.swift; path = NetworkRouter.swift; sourceTree = "<group>"; };
		3A84FBFF287711F9004A764C /* NetworkManager.swift */ = {isa = PBXFileReference; lastKnownFileType = sourcecode.swift; path = NetworkManager.swift; sourceTree = "<group>"; };
		3AAB017C2874C3F400D7769E /* SecondHomeworkApp.app */ = {isa = PBXFileReference; explicitFileType = wrapper.application; includeInIndex = 0; path = SecondHomeworkApp.app; sourceTree = BUILT_PRODUCTS_DIR; };
		3AAB017F2874C3F400D7769E /* SecondHomeworkAppApp.swift */ = {isa = PBXFileReference; lastKnownFileType = sourcecode.swift; path = SecondHomeworkAppApp.swift; sourceTree = "<group>"; };
		3AAB01812874C3F400D7769E /* ContentView.swift */ = {isa = PBXFileReference; lastKnownFileType = sourcecode.swift; path = ContentView.swift; sourceTree = "<group>"; };
		3AAB01832874C3F600D7769E /* Assets.xcassets */ = {isa = PBXFileReference; lastKnownFileType = folder.assetcatalog; path = Assets.xcassets; sourceTree = "<group>"; };
		3AAB01862874C3F600D7769E /* Preview Assets.xcassets */ = {isa = PBXFileReference; lastKnownFileType = folder.assetcatalog; path = "Preview Assets.xcassets"; sourceTree = "<group>"; };
		3AAB01922874C6D500D7769E /* Constants.swift */ = {isa = PBXFileReference; lastKnownFileType = sourcecode.swift; path = Constants.swift; sourceTree = "<group>"; };
		3AAB01942874C78300D7769E /* ContentList.swift */ = {isa = PBXFileReference; lastKnownFileType = sourcecode.swift; path = ContentList.swift; sourceTree = "<group>"; };
		3AAB01962874CA8900D7769E /* ViewModel.swift */ = {isa = PBXFileReference; lastKnownFileType = sourcecode.swift; path = ViewModel.swift; sourceTree = "<group>"; };
		3AAB01982874CAFE00D7769E /* NewsModel.swift */ = {isa = PBXFileReference; lastKnownFileType = sourcecode.swift; path = NewsModel.swift; sourceTree = "<group>"; };
		3AAB019B2874CD1100D7769E /* NewsAPI.swift */ = {isa = PBXFileReference; lastKnownFileType = sourcecode.swift; path = NewsAPI.swift; sourceTree = "<group>"; };
		3AAB019F2874D02C00D7769E /* HTTPMethod.swift */ = {isa = PBXFileReference; lastKnownFileType = sourcecode.swift; path = HTTPMethod.swift; sourceTree = "<group>"; };
		3AAB01A12874D05D00D7769E /* HTTPTask.swift */ = {isa = PBXFileReference; lastKnownFileType = sourcecode.swift; path = HTTPTask.swift; sourceTree = "<group>"; };
		3AAB01A42874D12900D7769E /* ParameterEncoding.swift */ = {isa = PBXFileReference; lastKnownFileType = sourcecode.swift; path = ParameterEncoding.swift; sourceTree = "<group>"; };
		3AAB01A62874D25900D7769E /* URLParameterEncoder.swift */ = {isa = PBXFileReference; lastKnownFileType = sourcecode.swift; path = URLParameterEncoder.swift; sourceTree = "<group>"; };
/* End PBXFileReference section */

/* Begin PBXFrameworksBuildPhase section */
		3AAB01792874C3F400D7769E /* Frameworks */ = {
			isa = PBXFrameworksBuildPhase;
			buildActionMask = 2147483647;
			files = (
				3AAB018F2874C44F00D7769E /* SwiftUINavigator in Frameworks */,
			);
			runOnlyForDeploymentPostprocessing = 0;
		};
/* End PBXFrameworksBuildPhase section */

/* Begin PBXGroup section */
		3A84FBFE287711B5004A764C /* EndPoint */ = {
			isa = PBXGroup;
			children = (
				3AAB019B2874CD1100D7769E /* NewsAPI.swift */,
			);
			path = EndPoint;
			sourceTree = "<group>";
		};
		3AAB01732874C3F400D7769E = {
			isa = PBXGroup;
			children = (
				3AAB017E2874C3F400D7769E /* SecondHomeworkApp */,
				3AAB017D2874C3F400D7769E /* Products */,
			);
			sourceTree = "<group>";
		};
		3AAB017D2874C3F400D7769E /* Products */ = {
			isa = PBXGroup;
			children = (
				3AAB017C2874C3F400D7769E /* SecondHomeworkApp.app */,
			);
			name = Products;
			sourceTree = "<group>";
		};
		3AAB017E2874C3F400D7769E /* SecondHomeworkApp */ = {
			isa = PBXGroup;
			children = (
				3AAB019A2874CB8F00D7769E /* Networking */,
				3AAB01912874C6AE00D7769E /* Utilities */,
				3AAB017F2874C3F400D7769E /* SecondHomeworkAppApp.swift */,
				3AAB01812874C3F400D7769E /* ContentView.swift */,
				3AAB01832874C3F600D7769E /* Assets.xcassets */,
				3AAB01852874C3F600D7769E /* Preview Content */,
				3AAB01942874C78300D7769E /* ContentList.swift */,
				3AAB01962874CA8900D7769E /* ViewModel.swift */,
			);
			path = SecondHomeworkApp;
			sourceTree = "<group>";
		};
		3AAB01852874C3F600D7769E /* Preview Content */ = {
			isa = PBXGroup;
			children = (
				3AAB01862874C3F600D7769E /* Preview Assets.xcassets */,
			);
			path = "Preview Content";
			sourceTree = "<group>";
		};
		3AAB01902874C69F00D7769E /* Models */ = {
			isa = PBXGroup;
			children = (
				3AAB01982874CAFE00D7769E /* NewsModel.swift */,
			);
			path = Models;
			sourceTree = "<group>";
		};
		3AAB01912874C6AE00D7769E /* Utilities */ = {
			isa = PBXGroup;
			children = (
				3AAB01922874C6D500D7769E /* Constants.swift */,
			);
			path = Utilities;
			sourceTree = "<group>";
		};
		3AAB019A2874CB8F00D7769E /* Networking */ = {
			isa = PBXGroup;
			children = (
				3AAB01902874C69F00D7769E /* Models */,
				3A84FBFE287711B5004A764C /* EndPoint */,
				3AAB01A32874D11300D7769E /* Encoding */,
				3AAB019E2874D01000D7769E /* Service */,
				3AAB019D2874D00800D7769E /* Manager */,
			);
			path = Networking;
			sourceTree = "<group>";
		};
		3AAB019D2874D00800D7769E /* Manager */ = {
			isa = PBXGroup;
			children = (
				3A84FBFF287711F9004A764C /* NetworkManager.swift */,
			);
			path = Manager;
			sourceTree = "<group>";
		};
		3AAB019E2874D01000D7769E /* Service */ = {
			isa = PBXGroup;
			children = (
				3AAB019F2874D02C00D7769E /* HTTPMethod.swift */,
				3AAB01A12874D05D00D7769E /* HTTPTask.swift */,
				3A84FBFA28770120004A764C /* NetworkRouterProtocol.swift */,
				3A84FBFC28770214004A764C /* NetworkRouter.swift */,
			);
			path = Service;
			sourceTree = "<group>";
		};
		3AAB01A32874D11300D7769E /* Encoding */ = {
			isa = PBXGroup;
			children = (
				3AAB01A42874D12900D7769E /* ParameterEncoding.swift */,
				3AAB01A62874D25900D7769E /* URLParameterEncoder.swift */,
				3A84FBF82876FFC4004A764C /* JSONParameterEncoder.swift */,
			);
			path = Encoding;
			sourceTree = "<group>";
		};
/* End PBXGroup section */

/* Begin PBXNativeTarget section */
		3AAB017B2874C3F400D7769E /* SecondHomeworkApp */ = {
			isa = PBXNativeTarget;
			buildConfigurationList = 3AAB018A2874C3F600D7769E /* Build configuration list for PBXNativeTarget "SecondHomeworkApp" */;
			buildPhases = (
				3AAB01782874C3F400D7769E /* Sources */,
				3AAB01792874C3F400D7769E /* Frameworks */,
				3AAB017A2874C3F400D7769E /* Resources */,
			);
			buildRules = (
			);
			dependencies = (
			);
			name = SecondHomeworkApp;
			packageProductDependencies = (
				3AAB018E2874C44F00D7769E /* SwiftUINavigator */,
			);
			productName = SecondHomeworkApp;
			productReference = 3AAB017C2874C3F400D7769E /* SecondHomeworkApp.app */;
			productType = "com.apple.product-type.application";
		};
/* End PBXNativeTarget section */

/* Begin PBXProject section */
		3AAB01742874C3F400D7769E /* Project object */ = {
			isa = PBXProject;
			attributes = {
				BuildIndependentTargetsInParallel = 1;
				LastSwiftUpdateCheck = 1340;
				LastUpgradeCheck = 1340;
				TargetAttributes = {
					3AAB017B2874C3F400D7769E = {
						CreatedOnToolsVersion = 13.4.1;
					};
				};
			};
			buildConfigurationList = 3AAB01772874C3F400D7769E /* Build configuration list for PBXProject "SecondHomeworkApp" */;
			compatibilityVersion = "Xcode 13.0";
			developmentRegion = en;
			hasScannedForEncodings = 0;
			knownRegions = (
				en,
				Base,
			);
			mainGroup = 3AAB01732874C3F400D7769E;
			packageReferences = (
				3AAB018D2874C44F00D7769E /* XCRemoteSwiftPackageReference "swiftuinavigator" */,
			);
			productRefGroup = 3AAB017D2874C3F400D7769E /* Products */;
			projectDirPath = "";
			projectRoot = "";
			targets = (
				3AAB017B2874C3F400D7769E /* SecondHomeworkApp */,
			);
		};
/* End PBXProject section */

/* Begin PBXResourcesBuildPhase section */
		3AAB017A2874C3F400D7769E /* Resources */ = {
			isa = PBXResourcesBuildPhase;
			buildActionMask = 2147483647;
			files = (
				3AAB01872874C3F600D7769E /* Preview Assets.xcassets in Resources */,
				3AAB01842874C3F600D7769E /* Assets.xcassets in Resources */,
			);
			runOnlyForDeploymentPostprocessing = 0;
		};
/* End PBXResourcesBuildPhase section */

/* Begin PBXSourcesBuildPhase section */
		3AAB01782874C3F400D7769E /* Sources */ = {
			isa = PBXSourcesBuildPhase;
			buildActionMask = 2147483647;
			files = (
				3AAB01992874CAFE00D7769E /* NewsModel.swift in Sources */,
				3AAB01A72874D25900D7769E /* URLParameterEncoder.swift in Sources */,
				3AAB01972874CA8900D7769E /* ViewModel.swift in Sources */,
				3AAB01A52874D12900D7769E /* ParameterEncoding.swift in Sources */,
				3AAB01822874C3F400D7769E /* ContentView.swift in Sources */,
				3AAB01A22874D05D00D7769E /* HTTPTask.swift in Sources */,
				3AAB01802874C3F400D7769E /* SecondHomeworkAppApp.swift in Sources */,
				3AAB01A02874D02C00D7769E /* HTTPMethod.swift in Sources */,
				3A84FBFB28770120004A764C /* NetworkRouterProtocol.swift in Sources */,
				3A84FBF92876FFC4004A764C /* JSONParameterEncoder.swift in Sources */,
				3A84FBFD28770214004A764C /* NetworkRouter.swift in Sources */,
				3AAB019C2874CD1100D7769E /* NewsAPI.swift in Sources */,
				3A84FC00287711F9004A764C /* NetworkManager.swift in Sources */,
				3AAB01932874C6D500D7769E /* Constants.swift in Sources */,
				3AAB01952874C78300D7769E /* ContentList.swift in Sources */,
			);
			runOnlyForDeploymentPostprocessing = 0;
		};
/* End PBXSourcesBuildPhase section */

/* Begin XCBuildConfiguration section */
		3AAB01882874C3F600D7769E /* Debug */ = {
			isa = XCBuildConfiguration;
			buildSettings = {
				ALWAYS_SEARCH_USER_PATHS = NO;
				CLANG_ANALYZER_NONNULL = YES;
				CLANG_ANALYZER_NUMBER_OBJECT_CONVERSION = YES_AGGRESSIVE;
				CLANG_CXX_LANGUAGE_STANDARD = "gnu++17";
				CLANG_ENABLE_MODULES = YES;
				CLANG_ENABLE_OBJC_ARC = YES;
				CLANG_ENABLE_OBJC_WEAK = YES;
				CLANG_WARN_BLOCK_CAPTURE_AUTORELEASING = YES;
				CLANG_WARN_BOOL_CONVERSION = YES;
				CLANG_WARN_COMMA = YES;
				CLANG_WARN_CONSTANT_CONVERSION = YES;
				CLANG_WARN_DEPRECATED_OBJC_IMPLEMENTATIONS = YES;
				CLANG_WARN_DIRECT_OBJC_ISA_USAGE = YES_ERROR;
				CLANG_WARN_DOCUMENTATION_COMMENTS = YES;
				CLANG_WARN_EMPTY_BODY = YES;
				CLANG_WARN_ENUM_CONVERSION = YES;
				CLANG_WARN_INFINITE_RECURSION = YES;
				CLANG_WARN_INT_CONVERSION = YES;
				CLANG_WARN_NON_LITERAL_NULL_CONVERSION = YES;
				CLANG_WARN_OBJC_IMPLICIT_RETAIN_SELF = YES;
				CLANG_WARN_OBJC_LITERAL_CONVERSION = YES;
				CLANG_WARN_OBJC_ROOT_CLASS = YES_ERROR;
				CLANG_WARN_QUOTED_INCLUDE_IN_FRAMEWORK_HEADER = YES;
				CLANG_WARN_RANGE_LOOP_ANALYSIS = YES;
				CLANG_WARN_STRICT_PROTOTYPES = YES;
				CLANG_WARN_SUSPICIOUS_MOVE = YES;
				CLANG_WARN_UNGUARDED_AVAILABILITY = YES_AGGRESSIVE;
				CLANG_WARN_UNREACHABLE_CODE = YES;
				CLANG_WARN__DUPLICATE_METHOD_MATCH = YES;
				COPY_PHASE_STRIP = NO;
				DEBUG_INFORMATION_FORMAT = dwarf;
				ENABLE_STRICT_OBJC_MSGSEND = YES;
				ENABLE_TESTABILITY = YES;
				GCC_C_LANGUAGE_STANDARD = gnu11;
				GCC_DYNAMIC_NO_PIC = NO;
				GCC_NO_COMMON_BLOCKS = YES;
				GCC_OPTIMIZATION_LEVEL = 0;
				GCC_PREPROCESSOR_DEFINITIONS = (
					"DEBUG=1",
					"$(inherited)",
				);
				GCC_WARN_64_TO_32_BIT_CONVERSION = YES;
				GCC_WARN_ABOUT_RETURN_TYPE = YES_ERROR;
				GCC_WARN_UNDECLARED_SELECTOR = YES;
				GCC_WARN_UNINITIALIZED_AUTOS = YES_AGGRESSIVE;
				GCC_WARN_UNUSED_FUNCTION = YES;
				GCC_WARN_UNUSED_VARIABLE = YES;
				IPHONEOS_DEPLOYMENT_TARGET = 15.5;
				MTL_ENABLE_DEBUG_INFO = INCLUDE_SOURCE;
				MTL_FAST_MATH = YES;
				ONLY_ACTIVE_ARCH = YES;
				SDKROOT = iphoneos;
				SWIFT_ACTIVE_COMPILATION_CONDITIONS = DEBUG;
				SWIFT_OPTIMIZATION_LEVEL = "-Onone";
			};
			name = Debug;
		};
		3AAB01892874C3F600D7769E /* Release */ = {
			isa = XCBuildConfiguration;
			buildSettings = {
				ALWAYS_SEARCH_USER_PATHS = NO;
				CLANG_ANALYZER_NONNULL = YES;
				CLANG_ANALYZER_NUMBER_OBJECT_CONVERSION = YES_AGGRESSIVE;
				CLANG_CXX_LANGUAGE_STANDARD = "gnu++17";
				CLANG_ENABLE_MODULES = YES;
				CLANG_ENABLE_OBJC_ARC = YES;
				CLANG_ENABLE_OBJC_WEAK = YES;
				CLANG_WARN_BLOCK_CAPTURE_AUTORELEASING = YES;
				CLANG_WARN_BOOL_CONVERSION = YES;
				CLANG_WARN_COMMA = YES;
				CLANG_WARN_CONSTANT_CONVERSION = YES;
				CLANG_WARN_DEPRECATED_OBJC_IMPLEMENTATIONS = YES;
				CLANG_WARN_DIRECT_OBJC_ISA_USAGE = YES_ERROR;
				CLANG_WARN_DOCUMENTATION_COMMENTS = YES;
				CLANG_WARN_EMPTY_BODY = YES;
				CLANG_WARN_ENUM_CONVERSION = YES;
				CLANG_WARN_INFINITE_RECURSION = YES;
				CLANG_WARN_INT_CONVERSION = YES;
				CLANG_WARN_NON_LITERAL_NULL_CONVERSION = YES;
				CLANG_WARN_OBJC_IMPLICIT_RETAIN_SELF = YES;
				CLANG_WARN_OBJC_LITERAL_CONVERSION = YES;
				CLANG_WARN_OBJC_ROOT_CLASS = YES_ERROR;
				CLANG_WARN_QUOTED_INCLUDE_IN_FRAMEWORK_HEADER = YES;
				CLANG_WARN_RANGE_LOOP_ANALYSIS = YES;
				CLANG_WARN_STRICT_PROTOTYPES = YES;
				CLANG_WARN_SUSPICIOUS_MOVE = YES;
				CLANG_WARN_UNGUARDED_AVAILABILITY = YES_AGGRESSIVE;
				CLANG_WARN_UNREACHABLE_CODE = YES;
				CLANG_WARN__DUPLICATE_METHOD_MATCH = YES;
				COPY_PHASE_STRIP = NO;
				DEBUG_INFORMATION_FORMAT = "dwarf-with-dsym";
				ENABLE_NS_ASSERTIONS = NO;
				ENABLE_STRICT_OBJC_MSGSEND = YES;
				GCC_C_LANGUAGE_STANDARD = gnu11;
				GCC_NO_COMMON_BLOCKS = YES;
				GCC_WARN_64_TO_32_BIT_CONVERSION = YES;
				GCC_WARN_ABOUT_RETURN_TYPE = YES_ERROR;
				GCC_WARN_UNDECLARED_SELECTOR = YES;
				GCC_WARN_UNINITIALIZED_AUTOS = YES_AGGRESSIVE;
				GCC_WARN_UNUSED_FUNCTION = YES;
				GCC_WARN_UNUSED_VARIABLE = YES;
				IPHONEOS_DEPLOYMENT_TARGET = 15.5;
				MTL_ENABLE_DEBUG_INFO = NO;
				MTL_FAST_MATH = YES;
				SDKROOT = iphoneos;
				SWIFT_COMPILATION_MODE = wholemodule;
				SWIFT_OPTIMIZATION_LEVEL = "-O";
				VALIDATE_PRODUCT = YES;
			};
			name = Release;
		};
		3AAB018B2874C3F600D7769E /* Debug */ = {
			isa = XCBuildConfiguration;
			buildSettings = {
				ASSETCATALOG_COMPILER_APPICON_NAME = AppIcon;
				ASSETCATALOG_COMPILER_GLOBAL_ACCENT_COLOR_NAME = AccentColor;
				CODE_SIGN_STYLE = Automatic;
				CURRENT_PROJECT_VERSION = 1;
				DEVELOPMENT_ASSET_PATHS = "\"SecondHomeworkApp/Preview Content\"";
				DEVELOPMENT_TEAM = 836DR8655U;
				ENABLE_PREVIEWS = YES;
				GENERATE_INFOPLIST_FILE = YES;
				INFOPLIST_KEY_UIApplicationSceneManifest_Generation = YES;
				INFOPLIST_KEY_UIApplicationSupportsIndirectInputEvents = YES;
				INFOPLIST_KEY_UILaunchScreen_Generation = YES;
				INFOPLIST_KEY_UISupportedInterfaceOrientations_iPad = "UIInterfaceOrientationPortrait UIInterfaceOrientationPortraitUpsideDown UIInterfaceOrientationLandscapeLeft UIInterfaceOrientationLandscapeRight";
				INFOPLIST_KEY_UISupportedInterfaceOrientations_iPhone = "UIInterfaceOrientationPortrait UIInterfaceOrientationLandscapeLeft UIInterfaceOrientationLandscapeRight";
				LD_RUNPATH_SEARCH_PATHS = (
					"$(inherited)",
					"@executable_path/Frameworks",
				);
				MARKETING_VERSION = 1.0;
				PRODUCT_BUNDLE_IDENTIFIER = home.SecondHomeworkApp;
				PRODUCT_NAME = "$(TARGET_NAME)";
				SWIFT_EMIT_LOC_STRINGS = YES;
				SWIFT_VERSION = 5.0;
				TARGETED_DEVICE_FAMILY = "1,2";
			};
			name = Debug;
		};
		3AAB018C2874C3F600D7769E /* Release */ = {
			isa = XCBuildConfiguration;
			buildSettings = {
				ASSETCATALOG_COMPILER_APPICON_NAME = AppIcon;
				ASSETCATALOG_COMPILER_GLOBAL_ACCENT_COLOR_NAME = AccentColor;
				CODE_SIGN_STYLE = Automatic;
				CURRENT_PROJECT_VERSION = 1;
				DEVELOPMENT_ASSET_PATHS = "\"SecondHomeworkApp/Preview Content\"";
				DEVELOPMENT_TEAM = 836DR8655U;
				ENABLE_PREVIEWS = YES;
				GENERATE_INFOPLIST_FILE = YES;
				INFOPLIST_KEY_UIApplicationSceneManifest_Generation = YES;
				INFOPLIST_KEY_UIApplicationSupportsIndirectInputEvents = YES;
				INFOPLIST_KEY_UILaunchScreen_Generation = YES;
				INFOPLIST_KEY_UISupportedInterfaceOrientations_iPad = "UIInterfaceOrientationPortrait UIInterfaceOrientationPortraitUpsideDown UIInterfaceOrientationLandscapeLeft UIInterfaceOrientationLandscapeRight";
				INFOPLIST_KEY_UISupportedInterfaceOrientations_iPhone = "UIInterfaceOrientationPortrait UIInterfaceOrientationLandscapeLeft UIInterfaceOrientationLandscapeRight";
				LD_RUNPATH_SEARCH_PATHS = (
					"$(inherited)",
					"@executable_path/Frameworks",
				);
				MARKETING_VERSION = 1.0;
				PRODUCT_BUNDLE_IDENTIFIER = home.SecondHomeworkApp;
				PRODUCT_NAME = "$(TARGET_NAME)";
				SWIFT_EMIT_LOC_STRINGS = YES;
				SWIFT_VERSION = 5.0;
				TARGETED_DEVICE_FAMILY = "1,2";
			};
			name = Release;
		};
/* End XCBuildConfiguration section */

/* Begin XCConfigurationList section */
		3AAB01772874C3F400D7769E /* Build configuration list for PBXProject "SecondHomeworkApp" */ = {
			isa = XCConfigurationList;
			buildConfigurations = (
				3AAB01882874C3F600D7769E /* Debug */,
				3AAB01892874C3F600D7769E /* Release */,
			);
			defaultConfigurationIsVisible = 0;
			defaultConfigurationName = Release;
		};
		3AAB018A2874C3F600D7769E /* Build configuration list for PBXNativeTarget "SecondHomeworkApp" */ = {
			isa = XCConfigurationList;
			buildConfigurations = (
				3AAB018B2874C3F600D7769E /* Debug */,
				3AAB018C2874C3F600D7769E /* Release */,
			);
			defaultConfigurationIsVisible = 0;
			defaultConfigurationName = Release;
		};
/* End XCConfigurationList section */

/* Begin XCRemoteSwiftPackageReference section */
		3AAB018D2874C44F00D7769E /* XCRemoteSwiftPackageReference "swiftuinavigator" */ = {
			isa = XCRemoteSwiftPackageReference;
			repositoryURL = "https://github.com/anioutkazharkova/swiftuinavigator";
			requirement = {
				kind = upToNextMajorVersion;
				minimumVersion = 1.0.0;
			};
		};
/* End XCRemoteSwiftPackageReference section */

/* Begin XCSwiftPackageProductDependency section */
		3AAB018E2874C44F00D7769E /* SwiftUINavigator */ = {
			isa = XCSwiftPackageProductDependency;
			package = 3AAB018D2874C44F00D7769E /* XCRemoteSwiftPackageReference "swiftuinavigator" */;
			productName = SwiftUINavigator;
		};
/* End XCSwiftPackageProductDependency section */
	};
	rootObject = 3AAB01742874C3F400D7769E /* Project object */;
}
